
Microsoft Visual Studio Solution File, Format Version 12.00
# Visual Studio Version 16
VisualStudioVersion = 16.0.30309.148
MinimumVisualStudioVersion = 10.0.40219.1
Project("{FAE04EC0-301F-11D3-BF4B-00C04F79EFBC}") = "WcfService2", "WcfService2\WcfService2.csproj", "{4C0794C4-FBF6-479F-A69A-0FBE25228217}"
EndProject
Project("{FAE04EC0-301F-11D3-BF4B-00C04F79EFBC}") = "UnitTestProject2", "UnitTestProject2\UnitTestProject2.csproj", "{94E06E20-C05A-4A4E-B078-3D6B66F7C327}"
EndProject
Project("{FAE04EC0-301F-11D3-BF4B-00C04F79EFBC}") = "XUnitTestProject1", "XUnitTestProject1\XUnitTestProject1.csproj", "{F0F95910-4615-415A-A694-8157C2259596}"
EndProject
Global
	GlobalSection(SolutionConfigurationPlatforms) = preSolution
		Debug|Any CPU = Debug|Any CPU
		Release|Any CPU = Release|Any CPU
	EndGlobalSection
	GlobalSection(ProjectConfigurationPlatforms) = postSolution
		{4C0794C4-FBF6-479F-A69A-0FBE25228217}.Debug|Any CPU.ActiveCfg = Debug|Any CPU
		{4C0794C4-FBF6-479F-A69A-0FBE25228217}.Debug|Any CPU.Build.0 = Debug|Any CPU
		{4C0794C4-FBF6-479F-A69A-0FBE25228217}.Release|Any CPU.ActiveCfg = Release|Any CPU
		{4C0794C4-FBF6-479F-A69A-0FBE25228217}.Release|Any CPU.Build.0 = Release|Any CPU
		{94E06E20-C05A-4A4E-B078-3D6B66F7C327}.Debug|Any CPU.ActiveCfg = Debug|Any CPU
		{94E06E20-C05A-4A4E-B078-3D6B66F7C327}.Debug|Any CPU.Build.0 = Debug|Any CPU
		{94E06E20-C05A-4A4E-B078-3D6B66F7C327}.Release|Any CPU.ActiveCfg = Release|Any CPU
		{94E06E20-C05A-4A4E-B078-3D6B66F7C327}.Release|Any CPU.Build.0 = Release|Any CPU
		{F0F95910-4615-415A-A694-8157C2259596}.Debug|Any CPU.ActiveCfg = Debug|Any CPU
		{F0F95910-4615-415A-A694-8157C2259596}.Debug|Any CPU.Build.0 = Debug|Any CPU
		{F0F95910-4615-415A-A694-8157C2259596}.Release|Any CPU.ActiveCfg = Release|Any CPU
		{F0F95910-4615-415A-A694-8157C2259596}.Release|Any CPU.Build.0 = Release|Any CPU
	EndGlobalSection
	GlobalSection(SolutionProperties) = preSolution
		HideSolutionNode = FALSE
	EndGlobalSection
	GlobalSection(ExtensibilityGlobals) = postSolution
		SolutionGuid = {AE95AC0C-F404-4812-B682-EBBBE631B4ED}
	EndGlobalSection
EndGlobal
